
Microsoft Visual Studio Solution File, Format Version 10.00
# Visual Studio 2008
Project("{D183A3D8-5FD8-494B-B014-37F57B35E655}") = "ASP.NET Membership Tools", "ASP.NET Membership Tools\ASP.NET Membership Tools.dtproj", "{13AE235E-9F69-41A1-ACA3-1BA38C0A99E8}"
EndProject
Global
	GlobalSection(SolutionConfigurationPlatforms) = preSolution
		Development|Default = Development|Default
	EndGlobalSection
	GlobalSection(ProjectConfigurationPlatforms) = postSolution
		{13AE235E-9F69-41A1-ACA3-1BA38C0A99E8}.Development|Default.ActiveCfg = Development
		{13AE235E-9F69-41A1-ACA3-1BA38C0A99E8}.Development|Default.Build.0 = Development
	EndGlobalSection
	GlobalSection(SolutionProperties) = preSolution
		HideSolutionNode = FALSE
	EndGlobalSection
EndGlobal
